
Microsoft Visual Studio Solution File, Format Version 12.00
# Visual Studio Version 17
VisualStudioVersion = 17.14.36414.22
MinimumVisualStudioVersion = 10.0.40219.1
Project("{FAE04EC0-301F-11D3-BF4B-00C04F79EFBC}") = "PanelSync.3DRApp", "PanelSync.3DRApp\PanelSync.3DRApp\PanelSync.3DRApp.csproj", "{8068A3E7-FE16-209A-DCC0-E8205145DEB1}"
EndProject
Project("{FAE04EC0-301F-11D3-BF4B-00C04F79EFBC}") = "PanelSync.Core", "PanelSync.Core\PanelSync.Core\PanelSync.Core.csproj", "{80B2E52F-35D6-2F64-6477-7A52E9A9F0D6}"
EndProject
Project("{FAE04EC0-301F-11D3-BF4B-00C04F79EFBC}") = "PanelSync.InventorAddIn", "PanelSync.InventorAddIn\PanelSync.InventorAddIn\PanelSync.InventorAddIn.csproj", "{4A41CC72-E5D2-4EF2-A68F-127D37423B33}"
EndProject
Project("{2150E333-8FDC-42A3-9474-1A3956D46DE8}") = "Solution Items", "Solution Items", "{8EC462FD-D22E-90A8-E5CE-7E832BA40C5D}"
	ProjectSection(SolutionItems) = preProject
		.gitignore = .gitignore
		README.md = README.md
	EndProjectSection
EndProject
Project("{2150E333-8FDC-42A3-9474-1A3956D46DE8}") = "Resources", "Resources", "{02EA681E-C7D8-13C7-8484-4AC65E1B71E8}"
	ProjectSection(SolutionItems) = preProject
		C:\Users\raksh\Downloads\AppForm.png = C:\Users\raksh\Downloads\AppForm.png
		C:\Users\raksh\Downloads\Concept.png = C:\Users\raksh\Downloads\Concept.png
		C:\Users\raksh\Downloads\FavScript.png = C:\Users\raksh\Downloads\FavScript.png
		C:\Users\raksh\Downloads\FavScriptAdded.png = C:\Users\raksh\Downloads\FavScriptAdded.png
		PanelSync.3DRApp\PanelSync.3DRApp\Resources\FolderStructure.png = PanelSync.3DRApp\PanelSync.3DRApp\Resources\FolderStructure.png
		C:\Users\raksh\Downloads\IgesImport.png = C:\Users\raksh\Downloads\IgesImport.png
		C:\Users\raksh\Downloads\ObjExport.png = C:\Users\raksh\Downloads\ObjExport.png
	EndProjectSection
EndProject
Global
	GlobalSection(SolutionConfigurationPlatforms) = preSolution
		Debug|Any CPU = Debug|Any CPU
		Debug|x64 = Debug|x64
		Release|Any CPU = Release|Any CPU
		Release|x64 = Release|x64
	EndGlobalSection
	GlobalSection(ProjectConfigurationPlatforms) = postSolution
		{8068A3E7-FE16-209A-DCC0-E8205145DEB1}.Debug|Any CPU.ActiveCfg = Debug|Any CPU
		{8068A3E7-FE16-209A-DCC0-E8205145DEB1}.Debug|Any CPU.Build.0 = Debug|Any CPU
		{8068A3E7-FE16-209A-DCC0-E8205145DEB1}.Debug|x64.ActiveCfg = Debug|x64
		{8068A3E7-FE16-209A-DCC0-E8205145DEB1}.Debug|x64.Build.0 = Debug|x64
		{8068A3E7-FE16-209A-DCC0-E8205145DEB1}.Release|Any CPU.ActiveCfg = Release|Any CPU
		{8068A3E7-FE16-209A-DCC0-E8205145DEB1}.Release|Any CPU.Build.0 = Release|Any CPU
		{8068A3E7-FE16-209A-DCC0-E8205145DEB1}.Release|x64.ActiveCfg = Release|x64
		{80B2E52F-35D6-2F64-6477-7A52E9A9F0D6}.Debug|Any CPU.ActiveCfg = Debug|Any CPU
		{80B2E52F-35D6-2F64-6477-7A52E9A9F0D6}.Debug|Any CPU.Build.0 = Debug|Any CPU
		{80B2E52F-35D6-2F64-6477-7A52E9A9F0D6}.Debug|x64.ActiveCfg = Debug|x64
		{80B2E52F-35D6-2F64-6477-7A52E9A9F0D6}.Debug|x64.Build.0 = Debug|x64
		{80B2E52F-35D6-2F64-6477-7A52E9A9F0D6}.Release|Any CPU.ActiveCfg = Release|Any CPU
		{80B2E52F-35D6-2F64-6477-7A52E9A9F0D6}.Release|Any CPU.Build.0 = Release|Any CPU
		{80B2E52F-35D6-2F64-6477-7A52E9A9F0D6}.Release|x64.ActiveCfg = Release|x64
		{80B2E52F-35D6-2F64-6477-7A52E9A9F0D6}.Release|x64.Build.0 = Release|x64
		{4A41CC72-E5D2-4EF2-A68F-127D37423B33}.Debug|Any CPU.ActiveCfg = Debug|Any CPU
		{4A41CC72-E5D2-4EF2-A68F-127D37423B33}.Debug|Any CPU.Build.0 = Debug|Any CPU
		{4A41CC72-E5D2-4EF2-A68F-127D37423B33}.Debug|x64.ActiveCfg = Debug|x64
		{4A41CC72-E5D2-4EF2-A68F-127D37423B33}.Debug|x64.Build.0 = Debug|x64
		{4A41CC72-E5D2-4EF2-A68F-127D37423B33}.Release|Any CPU.ActiveCfg = Release|Any CPU
		{4A41CC72-E5D2-4EF2-A68F-127D37423B33}.Release|Any CPU.Build.0 = Release|Any CPU
		{4A41CC72-E5D2-4EF2-A68F-127D37423B33}.Release|x64.ActiveCfg = Release|x64
	EndGlobalSection
	GlobalSection(SolutionProperties) = preSolution
		HideSolutionNode = FALSE
	EndGlobalSection
	GlobalSection(ExtensibilityGlobals) = postSolution
		SolutionGuid = {8466AF0A-FC4E-45AD-8752-5AE6CD0F6C3F}
	EndGlobalSection
EndGlobal
