
Microsoft Visual Studio Solution File, Format Version 12.00
# Visual Studio Version 17
VisualStudioVersion = 17.14.36212.18
MinimumVisualStudioVersion = 10.0.40219.1
Project("{FAE04EC0-301F-11D3-BF4B-00C04F79EFBC}") = "PanelSync.InventorAddIn", "PanelSync.InventorAddIn\PanelSync.InventorAddIn.csproj", "{4A41CC72-E5D2-4EF2-A68F-127D37423B33}"
EndProject
Global
	GlobalSection(SolutionConfigurationPlatforms) = preSolution
		Debug|Any CPU = Debug|Any CPU
		Debug|x64 = Debug|x64
		Release|Any CPU = Release|Any CPU
		Release|x64 = Release|x64
	EndGlobalSection
	GlobalSection(ProjectConfigurationPlatforms) = postSolution
		{4A41CC72-E5D2-4EF2-A68F-127D37423B33}.Debug|Any CPU.ActiveCfg = Debug|Any CPU
		{4A41CC72-E5D2-4EF2-A68F-127D37423B33}.Debug|Any CPU.Build.0 = Debug|Any CPU
		{4A41CC72-E5D2-4EF2-A68F-127D37423B33}.Debug|x64.ActiveCfg = Debug|x64
		{4A41CC72-E5D2-4EF2-A68F-127D37423B33}.Debug|x64.Build.0 = Debug|x64
		{4A41CC72-E5D2-4EF2-A68F-127D37423B33}.Release|Any CPU.ActiveCfg = Release|Any CPU
		{4A41CC72-E5D2-4EF2-A68F-127D37423B33}.Release|Any CPU.Build.0 = Release|Any CPU
		{4A41CC72-E5D2-4EF2-A68F-127D37423B33}.Release|x64.ActiveCfg = Release|x64
		{4A41CC72-E5D2-4EF2-A68F-127D37423B33}.Release|x64.Build.0 = Release|x64
	EndGlobalSection
	GlobalSection(SolutionProperties) = preSolution
		HideSolutionNode = FALSE
	EndGlobalSection
	GlobalSection(ExtensibilityGlobals) = postSolution
		SolutionGuid = {694F800B-E516-4EB2-82E1-51431CE7011C}
	EndGlobalSection
EndGlobal
